# THIS IS AN AUTOGENERATED FILE. DO NOT EDIT THIS FILE DIRECTLY.
# yarn lockfile v1


cdigit@^3.1.1:
  version "3.1.1"
  resolved "https://registry.yarnpkg.com/cdigit/-/cdigit-3.1.1.tgz#e0eabbf719194058b8cbe78192d5b556adf25087"
  integrity sha512-8fiXK50ELX64ez6ZnFa0SRium4FEuMUHaw6eWXJDsCXtC92gM4icUCe3XSBFtp182+RflFkhU6dwPGW+KgiOFQ==
  dependencies:
    commander "^8.3.0"

commander@^8.3.0:
  version "8.3.0"
  resolved "https://registry.yarnpkg.com/commander/-/commander-8.3.0.tgz#4837ea1b2da67b9c616a67afbb0fafee567bca66"
  integrity sha512-OkTL9umf+He2DZkUq8f8J9of7yL6RJKI24dVITBmNfZBmri9zYZQrKkuXiKhyfPSu8tUhnVBB1iKXevvnlR4Ww==

qrcode-svg@^1.1.0:
  version "1.1.0"
  resolved "https://registry.yarnpkg.com/qrcode-svg/-/qrcode-svg-1.1.0.tgz#2087549843dc5d0a3f8e8aa046cd9bcf23708cc3"
  integrity sha512-XyQCIXux1zEIA3NPb0AeR8UMYvXZzWEhgdBgBjH9gO7M48H9uoHzviNz8pXw3UzrAcxRRRn9gxHewAVK7bn9qw==

uglify-js@^3.15.0:
  version "3.15.0"
  resolved "https://registry.yarnpkg.com/uglify-js/-/uglify-js-3.15.0.tgz#2d6a689d94783cab43975721977a13c2afec28f1"
  integrity sha512-x+xdeDWq7FiORDvyIJ0q/waWd4PhjBNOm5dQUOq2AKC0IEjxOS66Ha9tctiVDGcRQuh69K7fgU5oRuTK4cysSg==
